// !$*UTF8*$!
{
	archiveVersion = 1;
	classes = {
	};
	objectVersion = 56;
	objects = {

/* Begin PBXBuildFile section */
		8869A3C92C7900FC00CD0451 /* Localizable.xcstrings in Resources */ = {isa = PBXBuildFile; fileRef = 8869A3C82C7900FC00CD0451 /* Localizable.xcstrings */; };
		8869A3CC2C79289D00CD0451 /* View+Extensions.swift in Sources */ = {isa = PBXBuildFile; fileRef = 8869A3CB2C79289D00CD0451 /* View+Extensions.swift */; };
		8869A3CF2C7929F900CD0451 /* LoginViewModel.swift in Sources */ = {isa = PBXBuildFile; fileRef = 8869A3CE2C7929F900CD0451 /* LoginViewModel.swift */; };
		8869A3D22C792C4200CD0451 /* FirebaseService.swift in Sources */ = {isa = PBXBuildFile; fileRef = 8869A3D12C792C4200CD0451 /* FirebaseService.swift */; };
		88C5F8592C75456F006D3DFB /* SocialMediaApp.swift in Sources */ = {isa = PBXBuildFile; fileRef = 88C5F8582C75456F006D3DFB /* SocialMediaApp.swift */; };
		88C5F85B2C75456F006D3DFB /* ContentView.swift in Sources */ = {isa = PBXBuildFile; fileRef = 88C5F85A2C75456F006D3DFB /* ContentView.swift */; };
		88C5F85D2C754571006D3DFB /* Assets.xcassets in Resources */ = {isa = PBXBuildFile; fileRef = 88C5F85C2C754571006D3DFB /* Assets.xcassets */; };
		88C5F8612C754571006D3DFB /* Preview Assets.xcassets in Resources */ = {isa = PBXBuildFile; fileRef = 88C5F8602C754571006D3DFB /* Preview Assets.xcassets */; };
		88C5F86B2C7547DE006D3DFB /* FirebaseAuth in Frameworks */ = {isa = PBXBuildFile; productRef = 88C5F86A2C7547DE006D3DFB /* FirebaseAuth */; };
		88C5F86F2C754842006D3DFB /* LoginView.swift in Sources */ = {isa = PBXBuildFile; fileRef = 88C5F86E2C754842006D3DFB /* LoginView.swift */; };
		88C5F8742C755B5F006D3DFB /* RegisterView.swift in Sources */ = {isa = PBXBuildFile; fileRef = 88C5F8732C755B5F006D3DFB /* RegisterView.swift */; };
		88C5F8772C7561EE006D3DFB /* FirebaseFirestore in Frameworks */ = {isa = PBXBuildFile; productRef = 88C5F8762C7561EE006D3DFB /* FirebaseFirestore */; };
		88C5F8792C7561EE006D3DFB /* FirebaseStorage in Frameworks */ = {isa = PBXBuildFile; productRef = 88C5F8782C7561EE006D3DFB /* FirebaseStorage */; };
		88C5F87C2C756424006D3DFB /* User.swift in Sources */ = {isa = PBXBuildFile; fileRef = 88C5F87B2C756424006D3DFB /* User.swift */; };
		88D6A0FB2C769CC70060C99F /* GoogleService-Info.plist in Resources */ = {isa = PBXBuildFile; fileRef = 88D6A0FA2C769CC70060C99F /* GoogleService-Info.plist */; };
		88D6A0FF2C76A4450060C99F /* LoadingView.swift in Sources */ = {isa = PBXBuildFile; fileRef = 88D6A0FE2C76A4450060C99F /* LoadingView.swift */; };
/* End PBXBuildFile section */

/* Begin PBXFileReference section */
		8869A3C82C7900FC00CD0451 /* Localizable.xcstrings */ = {isa = PBXFileReference; lastKnownFileType = text.json.xcstrings; path = Localizable.xcstrings; sourceTree = "<group>"; };
		8869A3CB2C79289D00CD0451 /* View+Extensions.swift */ = {isa = PBXFileReference; lastKnownFileType = sourcecode.swift; path = "View+Extensions.swift"; sourceTree = "<group>"; };
		8869A3CE2C7929F900CD0451 /* LoginViewModel.swift */ = {isa = PBXFileReference; lastKnownFileType = sourcecode.swift; path = LoginViewModel.swift; sourceTree = "<group>"; };
		8869A3D12C792C4200CD0451 /* FirebaseService.swift */ = {isa = PBXFileReference; lastKnownFileType = sourcecode.swift; path = FirebaseService.swift; sourceTree = "<group>"; };
		88C5F8552C75456F006D3DFB /* SocialMedia.app */ = {isa = PBXFileReference; explicitFileType = wrapper.application; includeInIndex = 0; path = SocialMedia.app; sourceTree = BUILT_PRODUCTS_DIR; };
		88C5F8582C75456F006D3DFB /* SocialMediaApp.swift */ = {isa = PBXFileReference; lastKnownFileType = sourcecode.swift; path = SocialMediaApp.swift; sourceTree = "<group>"; };
		88C5F85A2C75456F006D3DFB /* ContentView.swift */ = {isa = PBXFileReference; lastKnownFileType = sourcecode.swift; path = ContentView.swift; sourceTree = "<group>"; };
		88C5F85C2C754571006D3DFB /* Assets.xcassets */ = {isa = PBXFileReference; lastKnownFileType = folder.assetcatalog; path = Assets.xcassets; sourceTree = "<group>"; };
		88C5F85E2C754571006D3DFB /* SocialMedia.entitlements */ = {isa = PBXFileReference; lastKnownFileType = text.plist.entitlements; path = SocialMedia.entitlements; sourceTree = "<group>"; };
		88C5F8602C754571006D3DFB /* Preview Assets.xcassets */ = {isa = PBXFileReference; lastKnownFileType = folder.assetcatalog; path = "Preview Assets.xcassets"; sourceTree = "<group>"; };
		88C5F86E2C754842006D3DFB /* LoginView.swift */ = {isa = PBXFileReference; lastKnownFileType = sourcecode.swift; path = LoginView.swift; sourceTree = "<group>"; };
		88C5F8732C755B5F006D3DFB /* RegisterView.swift */ = {isa = PBXFileReference; lastKnownFileType = sourcecode.swift; path = RegisterView.swift; sourceTree = "<group>"; };
		88C5F87B2C756424006D3DFB /* User.swift */ = {isa = PBXFileReference; lastKnownFileType = sourcecode.swift; path = User.swift; sourceTree = "<group>"; };
		88D6A0FA2C769CC70060C99F /* GoogleService-Info.plist */ = {isa = PBXFileReference; fileEncoding = 4; lastKnownFileType = text.plist.xml; path = "GoogleService-Info.plist"; sourceTree = "<group>"; };
		88D6A0FE2C76A4450060C99F /* LoadingView.swift */ = {isa = PBXFileReference; lastKnownFileType = sourcecode.swift; path = LoadingView.swift; sourceTree = "<group>"; };
/* End PBXFileReference section */

/* Begin PBXFrameworksBuildPhase section */
		88C5F8522C75456F006D3DFB /* Frameworks */ = {
			isa = PBXFrameworksBuildPhase;
			buildActionMask = 2147483647;
			files = (
				88C5F86B2C7547DE006D3DFB /* FirebaseAuth in Frameworks */,
				88C5F8772C7561EE006D3DFB /* FirebaseFirestore in Frameworks */,
				88C5F8792C7561EE006D3DFB /* FirebaseStorage in Frameworks */,
			);
			runOnlyForDeploymentPostprocessing = 0;
		};
/* End PBXFrameworksBuildPhase section */

/* Begin PBXGroup section */
		8869A3C72C78DF5900CD0451 /* Localizable */ = {
			isa = PBXGroup;
			children = (
				8869A3C82C7900FC00CD0451 /* Localizable.xcstrings */,
			);
			path = Localizable;
			sourceTree = "<group>";
		};
		8869A3CA2C79287700CD0451 /* Extensions */ = {
			isa = PBXGroup;
			children = (
				8869A3CB2C79289D00CD0451 /* View+Extensions.swift */,
			);
			path = Extensions;
			sourceTree = "<group>";
		};
		8869A3CD2C7929E200CD0451 /* ViewModel */ = {
			isa = PBXGroup;
			children = (
				8869A3CE2C7929F900CD0451 /* LoginViewModel.swift */,
			);
			path = ViewModel;
			sourceTree = "<group>";
		};
		8869A3D02C792C2F00CD0451 /* Services */ = {
			isa = PBXGroup;
			children = (
				8869A3D12C792C4200CD0451 /* FirebaseService.swift */,
			);
			path = Services;
			sourceTree = "<group>";
		};
		88C5F84C2C75456F006D3DFB = {
			isa = PBXGroup;
			children = (
				88C5F8572C75456F006D3DFB /* SocialMedia */,
				88C5F8562C75456F006D3DFB /* Products */,
				88C5F8752C7561EE006D3DFB /* Frameworks */,
			);
			sourceTree = "<group>";
		};
		88C5F8562C75456F006D3DFB /* Products */ = {
			isa = PBXGroup;
			children = (
				88C5F8552C75456F006D3DFB /* SocialMedia.app */,
			);
			name = Products;
			sourceTree = "<group>";
		};
		88C5F8572C75456F006D3DFB /* SocialMedia */ = {
			isa = PBXGroup;
			children = (
				88D6A0FC2C76A42F0060C99F /* Common */,
				88C5F8712C755B3F006D3DFB /* Register */,
				88C5F8702C755B35006D3DFB /* Login */,
				88C5F8582C75456F006D3DFB /* SocialMediaApp.swift */,
				88C5F85A2C75456F006D3DFB /* ContentView.swift */,
				88C5F85C2C754571006D3DFB /* Assets.xcassets */,
				88D6A0FA2C769CC70060C99F /* GoogleService-Info.plist */,
				88C5F85E2C754571006D3DFB /* SocialMedia.entitlements */,
				88C5F85F2C754571006D3DFB /* Preview Content */,
			);
			path = SocialMedia;
			sourceTree = "<group>";
		};
		88C5F85F2C754571006D3DFB /* Preview Content */ = {
			isa = PBXGroup;
			children = (
				88C5F8602C754571006D3DFB /* Preview Assets.xcassets */,
			);
			path = "Preview Content";
			sourceTree = "<group>";
		};
		88C5F86C2C754821006D3DFB /* Model */ = {
			isa = PBXGroup;
			children = (
			);
			path = Model;
			sourceTree = "<group>";
		};
		88C5F86D2C754825006D3DFB /* View */ = {
			isa = PBXGroup;
			children = (
				88C5F86E2C754842006D3DFB /* LoginView.swift */,
			);
			path = View;
			sourceTree = "<group>";
		};
		88C5F8702C755B35006D3DFB /* Login */ = {
			isa = PBXGroup;
			children = (
				88C5F86C2C754821006D3DFB /* Model */,
				88C5F86D2C754825006D3DFB /* View */,
				8869A3CD2C7929E200CD0451 /* ViewModel */,
			);
			path = Login;
			sourceTree = "<group>";
		};
		88C5F8712C755B3F006D3DFB /* Register */ = {
			isa = PBXGroup;
			children = (
				88C5F87A2C756416006D3DFB /* Model */,
				88C5F8722C755B48006D3DFB /* View */,
			);
			path = Register;
			sourceTree = "<group>";
		};
		88C5F8722C755B48006D3DFB /* View */ = {
			isa = PBXGroup;
			children = (
				88C5F8732C755B5F006D3DFB /* RegisterView.swift */,
			);
			path = View;
			sourceTree = "<group>";
		};
		88C5F8752C7561EE006D3DFB /* Frameworks */ = {
			isa = PBXGroup;
			children = (
			);
			name = Frameworks;
			sourceTree = "<group>";
		};
		88C5F87A2C756416006D3DFB /* Model */ = {
			isa = PBXGroup;
			children = (
				88C5F87B2C756424006D3DFB /* User.swift */,
			);
			path = Model;
			sourceTree = "<group>";
		};
		88D6A0FC2C76A42F0060C99F /* Common */ = {
			isa = PBXGroup;
			children = (
				8869A3D02C792C2F00CD0451 /* Services */,
				8869A3CA2C79287700CD0451 /* Extensions */,
				8869A3C72C78DF5900CD0451 /* Localizable */,
				88D6A0FD2C76A4350060C99F /* Views */,
			);
			path = Common;
			sourceTree = "<group>";
		};
		88D6A0FD2C76A4350060C99F /* Views */ = {
			isa = PBXGroup;
			children = (
				88D6A0FE2C76A4450060C99F /* LoadingView.swift */,
			);
			path = Views;
			sourceTree = "<group>";
		};
/* End PBXGroup section */

/* Begin PBXNativeTarget section */
		88C5F8542C75456F006D3DFB /* SocialMedia */ = {
			isa = PBXNativeTarget;
			buildConfigurationList = 88C5F8642C754571006D3DFB /* Build configuration list for PBXNativeTarget "SocialMedia" */;
			buildPhases = (
				88C5F8512C75456F006D3DFB /* Sources */,
				88C5F8522C75456F006D3DFB /* Frameworks */,
				88C5F8532C75456F006D3DFB /* Resources */,
			);
			buildRules = (
			);
			dependencies = (
			);
			name = SocialMedia;
			packageProductDependencies = (
				88C5F86A2C7547DE006D3DFB /* FirebaseAuth */,
				88C5F8762C7561EE006D3DFB /* FirebaseFirestore */,
				88C5F8782C7561EE006D3DFB /* FirebaseStorage */,
			);
			productName = SocialMedia;
			productReference = 88C5F8552C75456F006D3DFB /* SocialMedia.app */;
			productType = "com.apple.product-type.application";
		};
/* End PBXNativeTarget section */

/* Begin PBXProject section */
		88C5F84D2C75456F006D3DFB /* Project object */ = {
			isa = PBXProject;
			attributes = {
				BuildIndependentTargetsInParallel = 1;
				LastSwiftUpdateCheck = 1540;
				LastUpgradeCheck = 1540;
				TargetAttributes = {
					88C5F8542C75456F006D3DFB = {
						CreatedOnToolsVersion = 15.4;
					};
				};
			};
			buildConfigurationList = 88C5F8502C75456F006D3DFB /* Build configuration list for PBXProject "SocialMedia" */;
			compatibilityVersion = "Xcode 14.0";
			developmentRegion = en;
			hasScannedForEncodings = 0;
			knownRegions = (
				en,
				Base,
				es,
			);
			mainGroup = 88C5F84C2C75456F006D3DFB;
			packageReferences = (
				88C5F8692C7547DE006D3DFB /* XCRemoteSwiftPackageReference "firebase-ios-sdk" */,
			);
			productRefGroup = 88C5F8562C75456F006D3DFB /* Products */;
			projectDirPath = "";
			projectRoot = "";
			targets = (
				88C5F8542C75456F006D3DFB /* SocialMedia */,
			);
		};
/* End PBXProject section */

/* Begin PBXResourcesBuildPhase section */
		88C5F8532C75456F006D3DFB /* Resources */ = {
			isa = PBXResourcesBuildPhase;
			buildActionMask = 2147483647;
			files = (
				88C5F8612C754571006D3DFB /* Preview Assets.xcassets in Resources */,
				88C5F85D2C754571006D3DFB /* Assets.xcassets in Resources */,
				8869A3C92C7900FC00CD0451 /* Localizable.xcstrings in Resources */,
				88D6A0FB2C769CC70060C99F /* GoogleService-Info.plist in Resources */,
			);
			runOnlyForDeploymentPostprocessing = 0;
		};
/* End PBXResourcesBuildPhase section */

/* Begin PBXSourcesBuildPhase section */
		88C5F8512C75456F006D3DFB /* Sources */ = {
			isa = PBXSourcesBuildPhase;
			buildActionMask = 2147483647;
			files = (
				8869A3CC2C79289D00CD0451 /* View+Extensions.swift in Sources */,
				88C5F86F2C754842006D3DFB /* LoginView.swift in Sources */,
				88C5F8742C755B5F006D3DFB /* RegisterView.swift in Sources */,
				88C5F85B2C75456F006D3DFB /* ContentView.swift in Sources */,
				8869A3D22C792C4200CD0451 /* FirebaseService.swift in Sources */,
				8869A3CF2C7929F900CD0451 /* LoginViewModel.swift in Sources */,
				88C5F87C2C756424006D3DFB /* User.swift in Sources */,
				88C5F8592C75456F006D3DFB /* SocialMediaApp.swift in Sources */,
				88D6A0FF2C76A4450060C99F /* LoadingView.swift in Sources */,
			);
			runOnlyForDeploymentPostprocessing = 0;
		};
/* End PBXSourcesBuildPhase section */

/* Begin XCBuildConfiguration section */
		88C5F8622C754571006D3DFB /* Debug */ = {
			isa = XCBuildConfiguration;
			buildSettings = {
				ALWAYS_SEARCH_USER_PATHS = NO;
				ASSETCATALOG_COMPILER_GENERATE_SWIFT_ASSET_SYMBOL_EXTENSIONS = YES;
				CLANG_ANALYZER_NONNULL = YES;
				CLANG_ANALYZER_NUMBER_OBJECT_CONVERSION = YES_AGGRESSIVE;
				CLANG_CXX_LANGUAGE_STANDARD = "gnu++20";
				CLANG_ENABLE_MODULES = YES;
				CLANG_ENABLE_OBJC_ARC = YES;
				CLANG_ENABLE_OBJC_WEAK = YES;
				CLANG_WARN_BLOCK_CAPTURE_AUTORELEASING = YES;
				CLANG_WARN_BOOL_CONVERSION = YES;
				CLANG_WARN_COMMA = YES;
				CLANG_WARN_CONSTANT_CONVERSION = YES;
				CLANG_WARN_DEPRECATED_OBJC_IMPLEMENTATIONS = YES;
				CLANG_WARN_DIRECT_OBJC_ISA_USAGE = YES_ERROR;
				CLANG_WARN_DOCUMENTATION_COMMENTS = YES;
				CLANG_WARN_EMPTY_BODY = YES;
				CLANG_WARN_ENUM_CONVERSION = YES;
				CLANG_WARN_INFINITE_RECURSION = YES;
				CLANG_WARN_INT_CONVERSION = YES;
				CLANG_WARN_NON_LITERAL_NULL_CONVERSION = YES;
				CLANG_WARN_OBJC_IMPLICIT_RETAIN_SELF = YES;
				CLANG_WARN_OBJC_LITERAL_CONVERSION = YES;
				CLANG_WARN_OBJC_ROOT_CLASS = YES_ERROR;
				CLANG_WARN_QUOTED_INCLUDE_IN_FRAMEWORK_HEADER = YES;
				CLANG_WARN_RANGE_LOOP_ANALYSIS = YES;
				CLANG_WARN_STRICT_PROTOTYPES = YES;
				CLANG_WARN_SUSPICIOUS_MOVE = YES;
				CLANG_WARN_UNGUARDED_AVAILABILITY = YES_AGGRESSIVE;
				CLANG_WARN_UNREACHABLE_CODE = YES;
				CLANG_WARN__DUPLICATE_METHOD_MATCH = YES;
				COPY_PHASE_STRIP = NO;
				DEBUG_INFORMATION_FORMAT = dwarf;
				ENABLE_STRICT_OBJC_MSGSEND = YES;
				ENABLE_TESTABILITY = YES;
				ENABLE_USER_SCRIPT_SANDBOXING = YES;
				GCC_C_LANGUAGE_STANDARD = gnu17;
				GCC_DYNAMIC_NO_PIC = NO;
				GCC_NO_COMMON_BLOCKS = YES;
				GCC_OPTIMIZATION_LEVEL = 0;
				GCC_PREPROCESSOR_DEFINITIONS = (
					"DEBUG=1",
					"$(inherited)",
				);
				GCC_WARN_64_TO_32_BIT_CONVERSION = YES;
				GCC_WARN_ABOUT_RETURN_TYPE = YES_ERROR;
				GCC_WARN_UNDECLARED_SELECTOR = YES;
				GCC_WARN_UNINITIALIZED_AUTOS = YES_AGGRESSIVE;
				GCC_WARN_UNUSED_FUNCTION = YES;
				GCC_WARN_UNUSED_VARIABLE = YES;
				LOCALIZATION_PREFERS_STRING_CATALOGS = YES;
				MTL_ENABLE_DEBUG_INFO = INCLUDE_SOURCE;
				MTL_FAST_MATH = YES;
				ONLY_ACTIVE_ARCH = YES;
				SWIFT_ACTIVE_COMPILATION_CONDITIONS = "DEBUG $(inherited)";
				SWIFT_OPTIMIZATION_LEVEL = "-Onone";
			};
			name = Debug;
		};
		88C5F8632C754571006D3DFB /* Release */ = {
			isa = XCBuildConfiguration;
			buildSettings = {
				ALWAYS_SEARCH_USER_PATHS = NO;
				ASSETCATALOG_COMPILER_GENERATE_SWIFT_ASSET_SYMBOL_EXTENSIONS = YES;
				CLANG_ANALYZER_NONNULL = YES;
				CLANG_ANALYZER_NUMBER_OBJECT_CONVERSION = YES_AGGRESSIVE;
				CLANG_CXX_LANGUAGE_STANDARD = "gnu++20";
				CLANG_ENABLE_MODULES = YES;
				CLANG_ENABLE_OBJC_ARC = YES;
				CLANG_ENABLE_OBJC_WEAK = YES;
				CLANG_WARN_BLOCK_CAPTURE_AUTORELEASING = YES;
				CLANG_WARN_BOOL_CONVERSION = YES;
				CLANG_WARN_COMMA = YES;
				CLANG_WARN_CONSTANT_CONVERSION = YES;
				CLANG_WARN_DEPRECATED_OBJC_IMPLEMENTATIONS = YES;
				CLANG_WARN_DIRECT_OBJC_ISA_USAGE = YES_ERROR;
				CLANG_WARN_DOCUMENTATION_COMMENTS = YES;
				CLANG_WARN_EMPTY_BODY = YES;
				CLANG_WARN_ENUM_CONVERSION = YES;
				CLANG_WARN_INFINITE_RECURSION = YES;
				CLANG_WARN_INT_CONVERSION = YES;
				CLANG_WARN_NON_LITERAL_NULL_CONVERSION = YES;
				CLANG_WARN_OBJC_IMPLICIT_RETAIN_SELF = YES;
				CLANG_WARN_OBJC_LITERAL_CONVERSION = YES;
				CLANG_WARN_OBJC_ROOT_CLASS = YES_ERROR;
				CLANG_WARN_QUOTED_INCLUDE_IN_FRAMEWORK_HEADER = YES;
				CLANG_WARN_RANGE_LOOP_ANALYSIS = YES;
				CLANG_WARN_STRICT_PROTOTYPES = YES;
				CLANG_WARN_SUSPICIOUS_MOVE = YES;
				CLANG_WARN_UNGUARDED_AVAILABILITY = YES_AGGRESSIVE;
				CLANG_WARN_UNREACHABLE_CODE = YES;
				CLANG_WARN__DUPLICATE_METHOD_MATCH = YES;
				COPY_PHASE_STRIP = NO;
				DEBUG_INFORMATION_FORMAT = "dwarf-with-dsym";
				ENABLE_NS_ASSERTIONS = NO;
				ENABLE_STRICT_OBJC_MSGSEND = YES;
				ENABLE_USER_SCRIPT_SANDBOXING = YES;
				GCC_C_LANGUAGE_STANDARD = gnu17;
				GCC_NO_COMMON_BLOCKS = YES;
				GCC_WARN_64_TO_32_BIT_CONVERSION = YES;
				GCC_WARN_ABOUT_RETURN_TYPE = YES_ERROR;
				GCC_WARN_UNDECLARED_SELECTOR = YES;
				GCC_WARN_UNINITIALIZED_AUTOS = YES_AGGRESSIVE;
				GCC_WARN_UNUSED_FUNCTION = YES;
				GCC_WARN_UNUSED_VARIABLE = YES;
				LOCALIZATION_PREFERS_STRING_CATALOGS = YES;
				MTL_ENABLE_DEBUG_INFO = NO;
				MTL_FAST_MATH = YES;
				SWIFT_COMPILATION_MODE = wholemodule;
			};
			name = Release;
		};
		88C5F8652C754571006D3DFB /* Debug */ = {
			isa = XCBuildConfiguration;
			buildSettings = {
				ASSETCATALOG_COMPILER_APPICON_NAME = AppIcon;
				ASSETCATALOG_COMPILER_GLOBAL_ACCENT_COLOR_NAME = AccentColor;
				CODE_SIGN_ENTITLEMENTS = SocialMedia/SocialMedia.entitlements;
				CODE_SIGN_STYLE = Automatic;
				CURRENT_PROJECT_VERSION = 1;
				DEVELOPMENT_ASSET_PATHS = "\"SocialMedia/Preview Content\"";
				DEVELOPMENT_TEAM = 5YC7A59ZMG;
				ENABLE_HARDENED_RUNTIME = YES;
				ENABLE_PREVIEWS = YES;
				GENERATE_INFOPLIST_FILE = YES;
				"INFOPLIST_KEY_UIApplicationSceneManifest_Generation[sdk=iphoneos*]" = YES;
				"INFOPLIST_KEY_UIApplicationSceneManifest_Generation[sdk=iphonesimulator*]" = YES;
				"INFOPLIST_KEY_UIApplicationSupportsIndirectInputEvents[sdk=iphoneos*]" = YES;
				"INFOPLIST_KEY_UIApplicationSupportsIndirectInputEvents[sdk=iphonesimulator*]" = YES;
				"INFOPLIST_KEY_UILaunchScreen_Generation[sdk=iphoneos*]" = YES;
				"INFOPLIST_KEY_UILaunchScreen_Generation[sdk=iphonesimulator*]" = YES;
				"INFOPLIST_KEY_UIStatusBarStyle[sdk=iphoneos*]" = UIStatusBarStyleDefault;
				"INFOPLIST_KEY_UIStatusBarStyle[sdk=iphonesimulator*]" = UIStatusBarStyleDefault;
				INFOPLIST_KEY_UISupportedInterfaceOrientations_iPad = "UIInterfaceOrientationPortrait UIInterfaceOrientationPortraitUpsideDown UIInterfaceOrientationLandscapeLeft UIInterfaceOrientationLandscapeRight";
				INFOPLIST_KEY_UISupportedInterfaceOrientations_iPhone = "UIInterfaceOrientationPortrait UIInterfaceOrientationLandscapeLeft UIInterfaceOrientationLandscapeRight";
				IPHONEOS_DEPLOYMENT_TARGET = 17.5;
				LD_RUNPATH_SEARCH_PATHS = "@executable_path/Frameworks";
				"LD_RUNPATH_SEARCH_PATHS[sdk=macosx*]" = "@executable_path/../Frameworks";
				MACOSX_DEPLOYMENT_TARGET = 14.5;
				MARKETING_VERSION = 1.0;
				PRODUCT_BUNDLE_IDENTIFIER = com.jhoanse.SocialMedia;
				PRODUCT_NAME = "$(TARGET_NAME)";
				SDKROOT = auto;
				SUPPORTED_PLATFORMS = "iphoneos iphonesimulator macosx";
				SWIFT_EMIT_LOC_STRINGS = YES;
				SWIFT_VERSION = 5.0;
				TARGETED_DEVICE_FAMILY = "1,2";
			};
			name = Debug;
		};
		88C5F8662C754571006D3DFB /* Release */ = {
			isa = XCBuildConfiguration;
			buildSettings = {
				ASSETCATALOG_COMPILER_APPICON_NAME = AppIcon;
				ASSETCATALOG_COMPILER_GLOBAL_ACCENT_COLOR_NAME = AccentColor;
				CODE_SIGN_ENTITLEMENTS = SocialMedia/SocialMedia.entitlements;
				CODE_SIGN_STYLE = Automatic;
				CURRENT_PROJECT_VERSION = 1;
				DEVELOPMENT_ASSET_PATHS = "\"SocialMedia/Preview Content\"";
				DEVELOPMENT_TEAM = 5YC7A59ZMG;
				ENABLE_HARDENED_RUNTIME = YES;
				ENABLE_PREVIEWS = YES;
				GENERATE_INFOPLIST_FILE = YES;
				"INFOPLIST_KEY_UIApplicationSceneManifest_Generation[sdk=iphoneos*]" = YES;
				"INFOPLIST_KEY_UIApplicationSceneManifest_Generation[sdk=iphonesimulator*]" = YES;
				"INFOPLIST_KEY_UIApplicationSupportsIndirectInputEvents[sdk=iphoneos*]" = YES;
				"INFOPLIST_KEY_UIApplicationSupportsIndirectInputEvents[sdk=iphonesimulator*]" = YES;
				"INFOPLIST_KEY_UILaunchScreen_Generation[sdk=iphoneos*]" = YES;
				"INFOPLIST_KEY_UILaunchScreen_Generation[sdk=iphonesimulator*]" = YES;
				"INFOPLIST_KEY_UIStatusBarStyle[sdk=iphoneos*]" = UIStatusBarStyleDefault;
				"INFOPLIST_KEY_UIStatusBarStyle[sdk=iphonesimulator*]" = UIStatusBarStyleDefault;
				INFOPLIST_KEY_UISupportedInterfaceOrientations_iPad = "UIInterfaceOrientationPortrait UIInterfaceOrientationPortraitUpsideDown UIInterfaceOrientationLandscapeLeft UIInterfaceOrientationLandscapeRight";
				INFOPLIST_KEY_UISupportedInterfaceOrientations_iPhone = "UIInterfaceOrientationPortrait UIInterfaceOrientationLandscapeLeft UIInterfaceOrientationLandscapeRight";
				IPHONEOS_DEPLOYMENT_TARGET = 17.5;
				LD_RUNPATH_SEARCH_PATHS = "@executable_path/Frameworks";
				"LD_RUNPATH_SEARCH_PATHS[sdk=macosx*]" = "@executable_path/../Frameworks";
				MACOSX_DEPLOYMENT_TARGET = 14.5;
				MARKETING_VERSION = 1.0;
				PRODUCT_BUNDLE_IDENTIFIER = com.jhoanse.SocialMedia;
				PRODUCT_NAME = "$(TARGET_NAME)";
				SDKROOT = auto;
				SUPPORTED_PLATFORMS = "iphoneos iphonesimulator macosx";
				SWIFT_EMIT_LOC_STRINGS = YES;
				SWIFT_VERSION = 5.0;
				TARGETED_DEVICE_FAMILY = "1,2";
			};
			name = Release;
		};
/* End XCBuildConfiguration section */

/* Begin XCConfigurationList section */
		88C5F8502C75456F006D3DFB /* Build configuration list for PBXProject "SocialMedia" */ = {
			isa = XCConfigurationList;
			buildConfigurations = (
				88C5F8622C754571006D3DFB /* Debug */,
				88C5F8632C754571006D3DFB /* Release */,
			);
			defaultConfigurationIsVisible = 0;
			defaultConfigurationName = Release;
		};
		88C5F8642C754571006D3DFB /* Build configuration list for PBXNativeTarget "SocialMedia" */ = {
			isa = XCConfigurationList;
			buildConfigurations = (
				88C5F8652C754571006D3DFB /* Debug */,
				88C5F8662C754571006D3DFB /* Release */,
			);
			defaultConfigurationIsVisible = 0;
			defaultConfigurationName = Release;
		};
/* End XCConfigurationList section */

/* Begin XCRemoteSwiftPackageReference section */
		88C5F8692C7547DE006D3DFB /* XCRemoteSwiftPackageReference "firebase-ios-sdk" */ = {
			isa = XCRemoteSwiftPackageReference;
			repositoryURL = "https://github.com/firebase/firebase-ios-sdk.git";
			requirement = {
				kind = upToNextMajorVersion;
				minimumVersion = 11.1.0;
			};
		};
/* End XCRemoteSwiftPackageReference section */

/* Begin XCSwiftPackageProductDependency section */
		88C5F86A2C7547DE006D3DFB /* FirebaseAuth */ = {
			isa = XCSwiftPackageProductDependency;
			package = 88C5F8692C7547DE006D3DFB /* XCRemoteSwiftPackageReference "firebase-ios-sdk" */;
			productName = FirebaseAuth;
		};
		88C5F8762C7561EE006D3DFB /* FirebaseFirestore */ = {
			isa = XCSwiftPackageProductDependency;
			package = 88C5F8692C7547DE006D3DFB /* XCRemoteSwiftPackageReference "firebase-ios-sdk" */;
			productName = FirebaseFirestore;
		};
		88C5F8782C7561EE006D3DFB /* FirebaseStorage */ = {
			isa = XCSwiftPackageProductDependency;
			package = 88C5F8692C7547DE006D3DFB /* XCRemoteSwiftPackageReference "firebase-ios-sdk" */;
			productName = FirebaseStorage;
		};
/* End XCSwiftPackageProductDependency section */
	};
	rootObject = 88C5F84D2C75456F006D3DFB /* Project object */;
}
